{
    "_readme": [
        "This file locks the dependencies of your project to a known state",
        "Read more about it at https://getcomposer.org/doc/01-basic-usage.md#installing-dependencies",
        "This file is @generated automatically"
    ],
    "content-hash": "dc97a9392adc28f5e131a24b86133c8e",
    "packages": [
        {
            "name": "predis/predis",
            "version": "v2.2.0",
            "source": {
                "type": "git",
                "url": "https://github.com/predis/predis.git",
                "reference": "33b70b971a32b0d28b4f748b0547593dce316e0d"
            },
            "dist": {
                "type": "zip",
                "url": "https://api.github.com/repos/predis/predis/zipball/33b70b971a32b0d28b4f748b0547593dce316e0d",
                "reference": "33b70b971a32b0d28b4f748b0547593dce316e0d",
                "shasum": ""
            },
            "require": {
                "php": "^7.2 || ^8.0"
            },
            "require-dev": {
                "friendsofphp/php-cs-fixer": "^3.3",
                "phpstan/phpstan": "^1.9",
                "phpunit/phpunit": "^8.0 || ~9.4.4"
            },
            "suggest": {
                "ext-relay": "Faster connection with in-memory caching (>=0.6.2)"
            },
            "type": "library",
            "autoload": {
                "psr-4": {
                    "Predis\\": "src/"
                }
            },
            "notification-url": "https://packagist.org/downloads/",
            "license": [
                "MIT"
            ],
            "authors": [
                {
                    "name": "Till Krüss",
                    "homepage": "https://till.im",
                    "role": "Maintainer"
                }
            ],
            "description": "A flexible and feature-complete Redis client for PHP.",
            "homepage": "http://github.com/predis/predis",
            "keywords": [
                "nosql",
                "predis",
                "redis"
            ],
            "support": {
                "issues": "https://github.com/predis/predis/issues",
                "source": "https://github.com/predis/predis/tree/v2.2.0"
            },
            "funding": [
                {
                    "url": "https://github.com/sponsors/tillkruss",
                    "type": "github"
                }
            ],
            "time": "2023-06-14T10:37:31+00:00"
        },
        {
            "name": "psr/log",
            "version": "1.1.4",
            "source": {
                "type": "git",
                "url": "https://github.com/php-fig/log.git",
                "reference": "d49695b909c3b7628b6289db5479a1c204601f11"
            },
            "dist": {
                "type": "zip",
                "url": "https://api.github.com/repos/php-fig/log/zipball/d49695b909c3b7628b6289db5479a1c204601f11",
                "reference": "d49695b909c3b7628b6289db5479a1c204601f11",
                "shasum": ""
            },
            "require": {
                "php": ">=5.3.0"
            },
            "type": "library",
            "extra": {
                "branch-alias": {
                    "dev-master": "1.1.x-dev"
                }
            },
            "autoload": {
                "psr-4": {
                    "Psr\\Log\\": "Psr/Log/"
                }
            },
            "notification-url": "https://packagist.org/downloads/",
            "license": [
                "MIT"
            ],
            "authors": [
                {
                    "name": "PHP-FIG",
                    "homepage": "https://www.php-fig.org/"
                }
            ],
            "description": "Common interface for logging libraries",
            "homepage": "https://github.com/php-fig/log",
            "keywords": [
                "log",
                "psr",
                "psr-3"
            ],
            "support": {
                "source": "https://github.com/php-fig/log/tree/1.1.4"
            },
            "time": "2021-05-03T11:20:27+00:00"
        },
        {
            "name": "recurly/recurly-client",
            "version": "4.9.0",
            "source": {
                "type": "git",
                "url": "https://github.com/recurly/recurly-client-php.git",
                "reference": "8c311c0ad6b6f38f1b2886b5d5c39a38242302dc"
            },
            "dist": {
                "type": "zip",
                "url": "https://api.github.com/repos/recurly/recurly-client-php/zipball/8c311c0ad6b6f38f1b2886b5d5c39a38242302dc",
                "reference": "8c311c0ad6b6f38f1b2886b5d5c39a38242302dc",
                "shasum": ""
            },
            "require": {
                "php": ">= 7.2.0",
                "psr/log": "^1.1"
            },
            "require-dev": {
                "dealerdirect/phpcodesniffer-composer-installer": "^0.7.0",
                "phpcompatibility/php-compatibility": "^9.3",
                "phpdocumentor/phpdocumentor": "~3.0.0",
                "phpstan/phpstan": "^0.12.11",
                "phpunit/phpunit": "^8",
                "squizlabs/php_codesniffer": "^3.5"
            },
            "type": "library",
            "autoload": {
                "classmap": [
                    "lib"
                ],
                "files": [
                    "lib/recurly.php"
                ]
            },
            "notification-url": "https://packagist.org/downloads/",
            "license": [
                "MIT"
            ],
            "description": "The PHP client library for the Recurly API",
            "homepage": "https://github.com/recurly/recurly-client-php",
            "keywords": [
                "pay",
                "payments",
                "recurly"
            ],
            "support": {
                "issues": "https://github.com/recurly/recurly-client-php/issues",
                "source": "https://github.com/recurly/recurly-client-php/tree/4.9.0"
            },
            "time": "2021-09-16T18:55:09+00:00"
        }
    ],
    "packages-dev": [],
    "aliases": [],
    "minimum-stability": "stable",
    "stability-flags": [],
    "prefer-stable": false,
    "prefer-lowest": false,
    "platform": [],
    "platform-dev": [],
    "plugin-api-version": "2.2.0"
}
